<?xml version="1.0" encoding="utf-8"?>
<Project ToolsVersion="4.0" xmlns="http://schemas.microsoft.com/developer/msbuild/2003">
  <ItemGroup>
    <Filter Include="Source Files">
      <UniqueIdentifier>{4FC737F1-C7A5-4376-A066-2A32D752A2FF}</UniqueIdentifier>
      <Extensions>cpp;c;cc;cxx;def;odl;idl;hpj;bat;asm;asmx</Extensions>
    </Filter>
    <Filter Include="core">
      <UniqueIdentifier>{93995380-89BD-4b04-88EB-625FBE52EBFB}</UniqueIdentifier>
      <Extensions>h;hh;hpp;hxx;hm;inl;inc;ipp;xsd</Extensions>
    </Filter>
    <Filter Include="source">
      <UniqueIdentifier>{79b76124-6215-45e7-b400-612c25328880}</UniqueIdentifier>
    </Filter>
    <Filter Include="other">
      <UniqueIdentifier>{76bed845-ea32-45e0-a23b-d6761540ded5}</UniqueIdentifier>
    </Filter>
    <Filter Include="Gameplay foundation">
      <UniqueIdentifier>{04414a9d-99f2-42d2-93fa-1854b17fae8c}</UniqueIdentifier>
    </Filter>
    <Filter Include="Gameplay foundation\entities">
      <UniqueIdentifier>{5887ce62-5bba-4562-8bfe-01558826f824}</UniqueIdentifier>
    </Filter>
    <Filter Include="Gameplay foundation\entities\abstracts">
      <UniqueIdentifier>{a7e8f1bf-8e62-4f2e-b0a5-12a188d83e8c}</UniqueIdentifier>
    </Filter>
    <Filter Include="Low level renderer">
      <UniqueIdentifier>{84242af3-af1a-4ca4-88ac-eb8ce07a509f}</UniqueIdentifier>
    </Filter>
    <Filter Include="Low level renderer\RenderObjects">
      <UniqueIdentifier>{9218d5a1-152f-467f-b41f-2c1b74a24e96}</UniqueIdentifier>
    </Filter>
    <Filter Include="Low level renderer\RenderObjects\abstract">
      <UniqueIdentifier>{1b5fd7be-e42b-4d06-baf8-0fb86cdee0cb}</UniqueIdentifier>
    </Filter>
    <Filter Include="Low level renderer\shaders">
      <UniqueIdentifier>{5f332ebd-8302-4355-9497-3dc728b14237}</UniqueIdentifier>
    </Filter>
    <Filter Include="Low level renderer\shaders\abstract">
      <UniqueIdentifier>{d05dcecb-3f17-40d1-913e-007b82a3d0c5}</UniqueIdentifier>
    </Filter>
    <Filter Include="Platform independence">
      <UniqueIdentifier>{f6b20f36-6f7b-4584-99e3-b49156fe831b}</UniqueIdentifier>
    </Filter>
    <Filter Include="Platform independence\Graphics Wrappers">
      <UniqueIdentifier>{63f79864-ae78-47ae-aa39-d902cf74bab3}</UniqueIdentifier>
    </Filter>
    <Filter Include="Platform independence\Graphics Wrappers\Buffer abstractions">
      <UniqueIdentifier>{aef1fd91-8547-4125-bbc8-040aa4163943}</UniqueIdentifier>
    </Filter>
    <Filter Include="Platform independence\Filesystem">
      <UniqueIdentifier>{e8a1a405-9fe1-4cf1-8b28-61d4c5b1ad17}</UniqueIdentifier>
    </Filter>
    <Filter Include="core\Error handling">
      <UniqueIdentifier>{1566739a-af01-4fec-a104-14e2d7249077}</UniqueIdentifier>
    </Filter>
    <Filter Include="core\User IO wrappers">
      <UniqueIdentifier>{a42b509d-de38-48e6-bb11-b9f9c5d613ec}</UniqueIdentifier>
    </Filter>
    <Filter Include="core\Custom Algorithms">
      <UniqueIdentifier>{b3b72efa-d53d-4f6d-ae6a-70d7f5ab639b}</UniqueIdentifier>
    </Filter>
    <Filter Include="core\Logs and debug">
      <UniqueIdentifier>{fc86c94f-b9c8-439e-bb32-2003749c34d9}</UniqueIdentifier>
    </Filter>
    <Filter Include="Resources">
      <UniqueIdentifier>{bb383918-b227-448a-b4f9-5b1d004004a0}</UniqueIdentifier>
    </Filter>
    <Filter Include="Resources\3D Model Resources">
      <UniqueIdentifier>{28347bf3-9615-4ec4-bce3-723dff53fdc3}</UniqueIdentifier>
    </Filter>
    <Filter Include="Resources\Textures">
      <UniqueIdentifier>{cf25e47e-f76c-4de3-b4e1-da4a6164af4f}</UniqueIdentifier>
    </Filter>
    <Filter Include="Resources\Material">
      <UniqueIdentifier>{7ee7aa00-2aa9-4a98-a59f-80d116c869c2}</UniqueIdentifier>
    </Filter>
    <Filter Include="Gameplay foundation\Gameflow">
      <UniqueIdentifier>{4727eb9e-ac31-4ef9-a258-891133cf2b17}</UniqueIdentifier>
    </Filter>
    <Filter Include="Low level renderer\Cameras">
      <UniqueIdentifier>{e650f920-2c09-4022-924b-2249517b1426}</UniqueIdentifier>
    </Filter>
    <Filter Include="Low level renderer\lights">
      <UniqueIdentifier>{a043892f-96f0-42f0-b64d-824dfaace105}</UniqueIdentifier>
    </Filter>
    <Filter Include="Low level renderer\Texture">
      <UniqueIdentifier>{ecc162e3-5f71-4c69-9e3a-2ab5e4e4eb59}</UniqueIdentifier>
    </Filter>
    <Filter Include="Low level renderer\Shapes">
      <UniqueIdentifier>{f1aeba79-c029-423f-8ff7-1bbc1213f534}</UniqueIdentifier>
    </Filter>
    <Filter Include="Platform independence\OS wrappers">
      <UniqueIdentifier>{ed8dc0ca-dcfc-462a-88b9-766bd8ccb306}</UniqueIdentifier>
    </Filter>
    <Filter Include="Platform independence\Filesystem\paths">
      <UniqueIdentifier>{2f954e56-4e24-45fb-b1ec-4118ab7ec7e2}</UniqueIdentifier>
    </Filter>
    <Filter Include="Platform independence\Filesystem\paths\Super">
      <UniqueIdentifier>{60bfae07-26ef-486e-a8bc-328caba3e6ff}</UniqueIdentifier>
    </Filter>
    <Filter Include="core\Managers %28modules%29">
      <UniqueIdentifier>{0a6143e9-0287-4a91-bafb-38e3e7cab91e}</UniqueIdentifier>
    </Filter>
    <Filter Include="core\Error managing">
      <UniqueIdentifier>{2dfad3ce-7c65-4f11-bc5a-e3ee318fa533}</UniqueIdentifier>
    </Filter>
    <Filter Include="core\Helper classes">
      <UniqueIdentifier>{dc8a8fe3-eabe-4f34-8247-5b83b7253459}</UniqueIdentifier>
    </Filter>
    <Filter Include="core\Memory Management">
      <UniqueIdentifier>{a67949e0-07cc-4003-a625-509856c705c5}</UniqueIdentifier>
    </Filter>
  </ItemGroup>
  <ItemGroup>
    <ClCompile Include="player.cpp">
      <Filter>Gameplay foundation\entities</Filter>
    </ClCompile>
    <ClCompile Include="renderer.cpp">
      <Filter>Low level renderer</Filter>
    </ClCompile>
    <ClCompile Include="vertexArray.cpp">
      <Filter>Platform independence\Graphics Wrappers\Buffer abstractions</Filter>
    </ClCompile>
    <ClCompile Include="vertexBuffer.cpp">
      <Filter>Platform independence\Graphics Wrappers\Buffer abstractions</Filter>
    </ClCompile>
    <ClCompile Include="bufferLayout.cpp">
      <Filter>Platform independence\Graphics Wrappers\Buffer abstractions</Filter>
    </ClCompile>
    <ClCompile Include="abstractShader.cpp">
      <Filter>Low level renderer\shaders\abstract</Filter>
    </ClCompile>
    <ClCompile Include="Mesh.cpp">
      <Filter>Resources\3D Model Resources</Filter>
    </ClCompile>
    <ClCompile Include="elementBuffer.cpp">
      <Filter>Platform independence\Graphics Wrappers\Buffer abstractions</Filter>
    </ClCompile>
    <ClCompile Include="resourceManager.cpp">
      <Filter>Resources</Filter>
    </ClCompile>
    <ClCompile Include="eventHandler.cpp">
      <Filter>core\User IO wrappers</Filter>
    </ClCompile>
    <ClCompile Include="window.cpp">
      <Filter>Platform independence\OS wrappers</Filter>
    </ClCompile>
    <ClCompile Include="modelParser.cpp">
      <Filter>Resources</Filter>
    </ClCompile>
    <ClCompile Include="gameController.cpp">
      <Filter>Gameplay foundation\Gameflow</Filter>
    </ClCompile>
    <ClCompile Include="camera.cpp">
      <Filter>Low level renderer\Cameras</Filter>
    </ClCompile>
    <ClCompile Include="Triangle.cpp">
      <Filter>Low level renderer\Shapes</Filter>
    </ClCompile>
    <ClCompile Include="Shape.cpp">
      <Filter>Low level renderer\Shapes</Filter>
    </ClCompile>
    <ClCompile Include="Logger.cpp">
      <Filter>core\Logs and debug</Filter>
    </ClCompile>
    <ClCompile Include="File.cpp">
      <Filter>Platform independence\Filesystem</Filter>
    </ClCompile>
    <ClCompile Include="Path.cpp">
      <Filter>Platform independence\Filesystem\paths\Super</Filter>
    </ClCompile>
    <ClCompile Include="Paths.cpp">
      <Filter>Platform independence\Filesystem\paths\Super</Filter>
    </ClCompile>
    <ClCompile Include="ErrorManager.cpp">
      <Filter>core\Error managing</Filter>
    </ClCompile>
    <ClCompile Include="Mainloop.cpp">
      <Filter>core</Filter>
    </ClCompile>
    <ClCompile Include="source.cpp">
      <Filter>source</Filter>
    </ClCompile>
    <ClCompile Include="OpenGLManager.cpp">
      <Filter>core</Filter>
    </ClCompile>
    <ClCompile Include="SDLManager.cpp">
      <Filter>core</Filter>
    </ClCompile>
  </ItemGroup>
  <ItemGroup>
    <ClInclude Include="player.h">
      <Filter>Gameplay foundation\entities</Filter>
    </ClInclude>
    <ClInclude Include="renderer.h">
      <Filter>Low level renderer</Filter>
    </ClInclude>
    <ClInclude Include="vertexArray.h">
      <Filter>Platform independence\Graphics Wrappers\Buffer abstractions</Filter>
    </ClInclude>
    <ClInclude Include="vertexBuffer.h">
      <Filter>Platform independence\Graphics Wrappers\Buffer abstractions</Filter>
    </ClInclude>
    <ClInclude Include="bufferLayout.h">
      <Filter>Platform independence\Graphics Wrappers\Buffer abstractions</Filter>
    </ClInclude>
    <ClInclude Include="abstractShader.h">
      <Filter>Low level renderer\shaders\abstract</Filter>
    </ClInclude>
    <ClInclude Include="abstractRenderObject.h">
      <Filter>Low level renderer\RenderObjects\abstract</Filter>
    </ClInclude>
    <ClInclude Include="abstractEntity.h">
      <Filter>Gameplay foundation\entities\abstracts</Filter>
    </ClInclude>
    <ClInclude Include="basicShader.h">
      <Filter>Low level renderer\shaders</Filter>
    </ClInclude>
    <ClInclude Include="Mesh.h">
      <Filter>Resources\3D Model Resources</Filter>
    </ClInclude>
    <ClInclude Include="elementBuffer.h">
      <Filter>Platform independence\Graphics Wrappers\Buffer abstractions</Filter>
    </ClInclude>
    <ClInclude Include="testRenderObject.h">
      <Filter>Low level renderer\RenderObjects</Filter>
    </ClInclude>
    <ClInclude Include="instancedRenderObject.h">
      <Filter>Low level renderer\RenderObjects</Filter>
    </ClInclude>
    <ClInclude Include="simpleLightEntity.h">
      <Filter>Gameplay foundation\entities</Filter>
    </ClInclude>
    <ClInclude Include="simpleLightRender.h">
      <Filter>Low level renderer\lights</Filter>
    </ClInclude>
    <ClInclude Include="abstractLightRender.h">
      <Filter>Low level renderer\RenderObjects\abstract</Filter>
    </ClInclude>
    <ClInclude Include="abstractLightEntity.h">
      <Filter>Gameplay foundation\entities\abstracts</Filter>
    </ClInclude>
    <ClInclude Include="constants.h">
      <Filter>other</Filter>
    </ClInclude>
    <ClInclude Include="resourceManager.h">
      <Filter>Resources</Filter>
    </ClInclude>
    <ClInclude Include="eventHandler.h">
      <Filter>core\User IO wrappers</Filter>
    </ClInclude>
    <ClInclude Include="window.h">
      <Filter>Platform independence\OS wrappers</Filter>
    </ClInclude>
    <ClInclude Include="modelParser.h">
      <Filter>Resources</Filter>
    </ClInclude>
    <ClInclude Include="gameController.h">
      <Filter>Gameplay foundation\Gameflow</Filter>
    </ClInclude>
    <ClInclude Include="type.h">
      <Filter>Low level renderer</Filter>
    </ClInclude>
    <ClInclude Include="camera.h">
      <Filter>Low level renderer\Cameras</Filter>
    </ClInclude>
    <ClInclude Include="Triangle.h">
      <Filter>Low level renderer\Shapes</Filter>
    </ClInclude>
    <ClInclude Include="Shape.h">
      <Filter>Low level renderer\Shapes</Filter>
    </ClInclude>
    <ClInclude Include="Logger.h">
      <Filter>core\Logs and debug</Filter>
    </ClInclude>
    <ClInclude Include="File.h">
      <Filter>Platform independence\Filesystem</Filter>
    </ClInclude>
    <ClInclude Include="Log_path.h">
      <Filter>Platform independence\Filesystem\paths</Filter>
    </ClInclude>
    <ClInclude Include="Path.h">
      <Filter>Platform independence\Filesystem\paths\Super</Filter>
    </ClInclude>
    <ClInclude Include="paths.h">
      <Filter>Platform independence\Filesystem\paths\Super</Filter>
    </ClInclude>
    <ClInclude Include="Model_path.h">
      <Filter>Platform independence\Filesystem\paths</Filter>
    </ClInclude>
    <ClInclude Include="Shader_path.h">
      <Filter>Platform independence\Filesystem\paths</Filter>
    </ClInclude>
    <ClInclude Include="ErrorManager.h">
      <Filter>core\Error managing</Filter>
    </ClInclude>
    <ClInclude Include="Mainloop.h">
      <Filter>core</Filter>
    </ClInclude>
    <ClInclude Include="Singleton.h">
      <Filter>core\Helper classes</Filter>
    </ClInclude>
    <ClInclude Include="Modules.h">
      <Filter>core</Filter>
    </ClInclude>
    <ClInclude Include="OpenGLManager.h">
      <Filter>core</Filter>
    </ClInclude>
    <ClInclude Include="SDLManager.h">
      <Filter>core</Filter>
    </ClInclude>
  </ItemGroup>
  <ItemGroup>
    <None Include="packages.config" />
  </ItemGroup>
  <ItemGroup>
    <Text Include="TODO.txt" />
  </ItemGroup>
</Project>